
Microsoft Visual Studio Solution File, Format Version 12.00
# Visual Studio 15
VisualStudioVersion = 15.0.27130.2010
MinimumVisualStudioVersion = 10.0.40219.1
Project("{FAE04EC0-301F-11D3-BF4B-00C04F79EFBC}") = "MatrixRotationApp", "MatrixRotationApp\MatrixRotationApp.csproj", "{C5A3A7F6-DBA6-4F7B-9A03-050B91E4DC45}"
EndProject
Global
	GlobalSection(SolutionConfigurationPlatforms) = preSolution
		Debug|Any CPU = Debug|Any CPU
		Release|Any CPU = Release|Any CPU
	EndGlobalSection
	GlobalSection(ProjectConfigurationPlatforms) = postSolution
		{C5A3A7F6-DBA6-4F7B-9A03-050B91E4DC45}.Debug|Any CPU.ActiveCfg = Debug|Any CPU
		{C5A3A7F6-DBA6-4F7B-9A03-050B91E4DC45}.Debug|Any CPU.Build.0 = Debug|Any CPU
		{C5A3A7F6-DBA6-4F7B-9A03-050B91E4DC45}.Release|Any CPU.ActiveCfg = Release|Any CPU
		{C5A3A7F6-DBA6-4F7B-9A03-050B91E4DC45}.Release|Any CPU.Build.0 = Release|Any CPU
	EndGlobalSection
	GlobalSection(SolutionProperties) = preSolution
		HideSolutionNode = FALSE
	EndGlobalSection
	GlobalSection(ExtensibilityGlobals) = postSolution
		SolutionGuid = {76A888B5-388A-42EE-B97B-137221DC39B5}
	EndGlobalSection
EndGlobal
